
Microsoft Visual Studio Solution File, Format Version 12.00
Project("{FAE04EC0-301F-11D3-BF4B-00C04F79EFBC}") = "ChessConsole", "ChessConsole\ChessConsole.csproj", "{534D3C7F-7AF9-4CD4-B0E2-F0D354057A33}"
EndProject
Project("{FAE04EC0-301F-11D3-BF4B-00C04F79EFBC}") = "ChessConsole.Tests", "ChessConsole.Tests\ChessConsole.Tests.csproj", "{6035931B-2B20-462E-9CDD-2BC06CAE1460}"
EndProject
Global
	GlobalSection(SolutionConfigurationPlatforms) = preSolution
		Debug|Any CPU = Debug|Any CPU
		Release|Any CPU = Release|Any CPU
	EndGlobalSection
	GlobalSection(ProjectConfigurationPlatforms) = postSolution
		{534D3C7F-7AF9-4CD4-B0E2-F0D354057A33}.Debug|Any CPU.ActiveCfg = Debug|Any CPU
		{534D3C7F-7AF9-4CD4-B0E2-F0D354057A33}.Debug|Any CPU.Build.0 = Debug|Any CPU
		{534D3C7F-7AF9-4CD4-B0E2-F0D354057A33}.Release|Any CPU.ActiveCfg = Release|Any CPU
		{534D3C7F-7AF9-4CD4-B0E2-F0D354057A33}.Release|Any CPU.Build.0 = Release|Any CPU
		{6035931B-2B20-462E-9CDD-2BC06CAE1460}.Debug|Any CPU.ActiveCfg = Debug|Any CPU
		{6035931B-2B20-462E-9CDD-2BC06CAE1460}.Debug|Any CPU.Build.0 = Debug|Any CPU
		{6035931B-2B20-462E-9CDD-2BC06CAE1460}.Release|Any CPU.ActiveCfg = Release|Any CPU
		{6035931B-2B20-462E-9CDD-2BC06CAE1460}.Release|Any CPU.Build.0 = Release|Any CPU
	EndGlobalSection
EndGlobal
